
Microsoft Visual Studio Solution File, Format Version 12.00
# Visual Studio Version 17
VisualStudioVersion = 17.8.34322.80
MinimumVisualStudioVersion = 10.0.40219.1
Project("{FAE04EC0-301F-11D3-BF4B-00C04F79EFBC}") = "WPF_doga_Kovács_Péter_2024_02_12", "WPF_doga_Kovács_Péter_2024_02_12.csproj", "{6FADB4A0-5640-446D-A284-2E4AD6779422}"
EndProject
Global
	GlobalSection(SolutionConfigurationPlatforms) = preSolution
		Debug|Any CPU = Debug|Any CPU
		Release|Any CPU = Release|Any CPU
	EndGlobalSection
	GlobalSection(ProjectConfigurationPlatforms) = postSolution
		{6FADB4A0-5640-446D-A284-2E4AD6779422}.Debug|Any CPU.ActiveCfg = Debug|Any CPU
		{6FADB4A0-5640-446D-A284-2E4AD6779422}.Debug|Any CPU.Build.0 = Debug|Any CPU
		{6FADB4A0-5640-446D-A284-2E4AD6779422}.Release|Any CPU.ActiveCfg = Release|Any CPU
		{6FADB4A0-5640-446D-A284-2E4AD6779422}.Release|Any CPU.Build.0 = Release|Any CPU
	EndGlobalSection
	GlobalSection(SolutionProperties) = preSolution
		HideSolutionNode = FALSE
	EndGlobalSection
	GlobalSection(ExtensibilityGlobals) = postSolution
		SolutionGuid = {555384A8-BA37-4270-B09F-0453A3742D04}
	EndGlobalSection
EndGlobal
